<Solution>
  <Configurations>
    <Platform Name="x64" />
    <Platform Name="x86" />
  </Configurations>
  <Project Path="PatternAbstractFactory/PatternAbstractFactory.vcxproj" Id="d8197599-7665-4611-970e-806369396db3" />
  <Project Path="PatternAdapter/PatternAdapter.vcxproj" Id="6cff4998-2ffd-4416-83fb-96c5df92cb65" />
  <Project Path="PatternBridge/PatternBridge.vcxproj" Id="920464bd-14af-4265-a241-5d30ef2c59e3" />
  <Project Path="PatternBuilder/PatternBuilder.vcxproj" Id="ac1ccd6c-0217-4107-88ed-42ebfaa06fb9" />
  <Project Path="PatternChainOfResponsibility/PatternChainOfResponsibility.vcxproj" Id="bf69bd52-47d1-46f8-8ffe-ed365f38309e" />
  <Project Path="PatternCommand/PatternCommand.vcxproj" Id="6c9b5f35-8743-44d2-a2b8-3d682d84972a" />
  <Project Path="PatternComposite/PatternComposite.vcxproj" Id="bedd9d43-dd83-404b-b3f4-d79f41bce5b6" />
  <Project Path="PatternDecorator/PatternDecorator.vcxproj" Id="e4a6eacc-af0b-45c7-bdaf-bcf45615dc65" />
  <Project Path="PatternFactoryMethod/PatternFactoryMethod.vcxproj" Id="97b7cd6d-8285-47c0-8031-9d6bea6c8b44" />
  <Project Path="PatternFlyweight/PatternFlyweight.vcxproj" Id="187c7549-073a-4974-9a70-6ab58db937db" />
  <Project Path="PatternInterpreter/PatternInterpreter.vcxproj" Id="fc21e0af-cb12-44cb-92f2-1fff1ac51c4a" />
  <Project Path="PatternIterator/PatternIterator.vcxproj" Id="adb5fed3-1b8a-4f42-8df5-5b37c6cf6c36" />
  <Project Path="PatternMediator/PatternMediator.vcxproj" Id="7caee9fb-dff5-44ed-9e3a-8da11612c188" />
  <Project Path="PatternMemento/PatternMemento.vcxproj" Id="8c930ae8-4410-4a3c-9d4b-620813ed5670" />
  <Project Path="PatternObserver/PatternObserver.vcxproj" Id="af92fa10-a72c-407a-8f77-79e72b9c5e72" />
  <Project Path="PatternPrototype/PatternPrototype.vcxproj" Id="2b06df97-9a73-4154-a09a-3548afefde96" />
  <Project Path="PatternProxy/PatternProxy.vcxproj" Id="8cd0c22d-120c-4e9d-80c1-2f2795aa933d" />
  <Project Path="PatternSingleton/PatternSingleton.vcxproj" Id="5799495d-78f8-467a-9f7c-3dca75ade1b7" />
  <Project Path="SortingAlgorithms/SortingAlgorithms.vcxproj" Id="380f3b98-ea03-4b8c-ad5a-0480bd3166f1" />
</Solution>
